
Microsoft Visual Studio Solution File, Format Version 12.00
# Visual Studio 15
VisualStudioVersion = 15.0.28307.757
MinimumVisualStudioVersion = 10.0.40219.1
Project("{FAE04EC0-301F-11D3-BF4B-00C04F79EFBC}") = "Senai.Filmes.WebApi", "Senai.Filmes.WebApi\Senai.Filmes.WebApi.csproj", "{5DCEBF13-FE70-47D0-8EAF-ABEB78359660}"
EndProject
Global
	GlobalSection(SolutionConfigurationPlatforms) = preSolution
		Debug|Any CPU = Debug|Any CPU
		Release|Any CPU = Release|Any CPU
	EndGlobalSection
	GlobalSection(ProjectConfigurationPlatforms) = postSolution
		{5DCEBF13-FE70-47D0-8EAF-ABEB78359660}.Debug|Any CPU.ActiveCfg = Debug|Any CPU
		{5DCEBF13-FE70-47D0-8EAF-ABEB78359660}.Debug|Any CPU.Build.0 = Debug|Any CPU
		{5DCEBF13-FE70-47D0-8EAF-ABEB78359660}.Release|Any CPU.ActiveCfg = Release|Any CPU
		{5DCEBF13-FE70-47D0-8EAF-ABEB78359660}.Release|Any CPU.Build.0 = Release|Any CPU
	EndGlobalSection
	GlobalSection(SolutionProperties) = preSolution
		HideSolutionNode = FALSE
	EndGlobalSection
	GlobalSection(ExtensibilityGlobals) = postSolution
		SolutionGuid = {5434A685-4771-4286-8236-450FA4D89F7F}
	EndGlobalSection
EndGlobal
