
Microsoft Visual Studio Solution File, Format Version 12.00
# Visual Studio 15
VisualStudioVersion = 15.0.28307.757
MinimumVisualStudioVersion = 10.0.40219.1
Project("{FAE04EC0-301F-11D3-BF4B-00C04F79EFBC}") = "Senai.Sstop.WebApi", "Senai.Sstop.WebApi\Senai.Sstop.WebApi.csproj", "{92B692E8-60D5-422C-9BD7-26904B20BA84}"
EndProject
Global
	GlobalSection(SolutionConfigurationPlatforms) = preSolution
		Debug|Any CPU = Debug|Any CPU
		Release|Any CPU = Release|Any CPU
	EndGlobalSection
	GlobalSection(ProjectConfigurationPlatforms) = postSolution
		{92B692E8-60D5-422C-9BD7-26904B20BA84}.Debug|Any CPU.ActiveCfg = Debug|Any CPU
		{92B692E8-60D5-422C-9BD7-26904B20BA84}.Debug|Any CPU.Build.0 = Debug|Any CPU
		{92B692E8-60D5-422C-9BD7-26904B20BA84}.Release|Any CPU.ActiveCfg = Release|Any CPU
		{92B692E8-60D5-422C-9BD7-26904B20BA84}.Release|Any CPU.Build.0 = Release|Any CPU
	EndGlobalSection
	GlobalSection(SolutionProperties) = preSolution
		HideSolutionNode = FALSE
	EndGlobalSection
	GlobalSection(ExtensibilityGlobals) = postSolution
		SolutionGuid = {8B633728-40D7-45F0-B3F2-D79A683ECD51}
	EndGlobalSection
EndGlobal
