
Microsoft Visual Studio Solution File, Format Version 12.00
# Visual Studio 15
VisualStudioVersion = 15.0.28307.757
MinimumVisualStudioVersion = 10.0.40219.1
Project("{FAE04EC0-301F-11D3-BF4B-00C04F79EFBC}") = "Senai.AutoPecas.WebApi", "Senai.AutoPecas.WebApi\Senai.AutoPecas.WebApi.csproj", "{25C753B8-C2B9-422D-BA21-E66457EC6FAB}"
EndProject
Global
	GlobalSection(SolutionConfigurationPlatforms) = preSolution
		Debug|Any CPU = Debug|Any CPU
		Release|Any CPU = Release|Any CPU
	EndGlobalSection
	GlobalSection(ProjectConfigurationPlatforms) = postSolution
		{25C753B8-C2B9-422D-BA21-E66457EC6FAB}.Debug|Any CPU.ActiveCfg = Debug|Any CPU
		{25C753B8-C2B9-422D-BA21-E66457EC6FAB}.Debug|Any CPU.Build.0 = Debug|Any CPU
		{25C753B8-C2B9-422D-BA21-E66457EC6FAB}.Release|Any CPU.ActiveCfg = Release|Any CPU
		{25C753B8-C2B9-422D-BA21-E66457EC6FAB}.Release|Any CPU.Build.0 = Release|Any CPU
	EndGlobalSection
	GlobalSection(SolutionProperties) = preSolution
		HideSolutionNode = FALSE
	EndGlobalSection
	GlobalSection(ExtensibilityGlobals) = postSolution
		SolutionGuid = {FAA7E7AF-5D86-4011-BA60-A6D3FBD94FE6}
	EndGlobalSection
EndGlobal
